<?xml version="1.0" encoding="utf-8"?>
<Project ToolsVersion="4.0" xmlns="http://schemas.microsoft.com/developer/msbuild/2003">
  <ItemGroup>
    <Filter Include="Source Files">
      <UniqueIdentifier>{4FC737F1-C7A5-4376-A066-2A32D752A2FF}</UniqueIdentifier>
      <Extensions>cpp;c;cc;cxx;def;odl;idl;hpj;bat;asm;asmx</Extensions>
    </Filter>
    <Filter Include="Header Files">
      <UniqueIdentifier>{93995380-89BD-4b04-88EB-625FBE52EBFB}</UniqueIdentifier>
      <Extensions>h;hh;hpp;hxx;hm;inl;inc;xsd</Extensions>
    </Filter>
    <Filter Include="Resource Files">
      <UniqueIdentifier>{67DA6AB6-F800-4c08-8B7A-83BB121AAD01}</UniqueIdentifier>
      <Extensions>rc;ico;cur;bmp;dlg;rc2;rct;bin;rgs;gif;jpg;jpeg;jpe;resx;tiff;tif;png;wav;mfcribbon-ms</Extensions>
    </Filter>
  </ItemGroup>
  <ItemGroup>
    <ClCompile Include="finalMain.cpp">
      <Filter>Source Files</Filter>
    </ClCompile>
    <ClCompile Include="..\CS_162_git\InputValidation\cs162_utilities.cpp">
      <Filter>Source Files</Filter>
    </ClCompile>
    <ClCompile Include="Barbarian.cpp">
      <Filter>Source Files</Filter>
    </ClCompile>
    <ClCompile Include="BlueMen.cpp">
      <Filter>Source Files</Filter>
    </ClCompile>
    <ClCompile Include="Combat.cpp">
      <Filter>Source Files</Filter>
    </ClCompile>
    <ClCompile Include="Creature.cpp">
      <Filter>Source Files</Filter>
    </ClCompile>
    <ClCompile Include="Die.cpp">
      <Filter>Source Files</Filter>
    </ClCompile>
    <ClCompile Include="HarryPotter.cpp">
      <Filter>Source Files</Filter>
    </ClCompile>
    <ClCompile Include="Medusa.cpp">
      <Filter>Source Files</Filter>
    </ClCompile>
    <ClCompile Include="Vampire.cpp">
      <Filter>Source Files</Filter>
    </ClCompile>
    <ClCompile Include="Hero.cpp">
      <Filter>Source Files</Filter>
    </ClCompile>
    <ClCompile Include="Map.cpp">
      <Filter>Source Files</Filter>
    </ClCompile>
    <ClCompile Include="Game.cpp">
      <Filter>Source Files</Filter>
    </ClCompile>
    <ClCompile Include="Space.cpp">
      <Filter>Source Files</Filter>
    </ClCompile>
    <ClCompile Include="Village.cpp">
      <Filter>Source Files</Filter>
    </ClCompile>
    <ClCompile Include="Plains.cpp">
      <Filter>Source Files</Filter>
    </ClCompile>
    <ClCompile Include="Forest.cpp">
      <Filter>Source Files</Filter>
    </ClCompile>
    <ClCompile Include="Hills.cpp">
      <Filter>Source Files</Filter>
    </ClCompile>
    <ClCompile Include="Item.cpp">
      <Filter>Source Files</Filter>
    </ClCompile>
    <ClCompile Include="Stone.cpp">
      <Filter>Source Files</Filter>
    </ClCompile>
    <ClCompile Include="Wood.cpp">
      <Filter>Source Files</Filter>
    </ClCompile>
    <ClCompile Include="Ore.cpp">
      <Filter>Source Files</Filter>
    </ClCompile>
    <ClCompile Include="Bag.cpp">
      <Filter>Source Files</Filter>
    </ClCompile>
    <ClCompile Include="asciiArt.cpp">
      <Filter>Source Files</Filter>
    </ClCompile>
    <ClCompile Include="Resource.cpp">
      <Filter>Source Files</Filter>
    </ClCompile>
    <ClCompile Include="Consumable.cpp">
      <Filter>Source Files</Filter>
    </ClCompile>
    <ClCompile Include="AttPotion.cpp">
      <Filter>Source Files</Filter>
    </ClCompile>
    <ClCompile Include="DefPotion.cpp">
      <Filter>Source Files</Filter>
    </ClCompile>
    <ClCompile Include="StrPotion.cpp">
      <Filter>Source Files</Filter>
    </ClCompile>
  </ItemGroup>
  <ItemGroup>
    <ClInclude Include="..\CS_162_git\InputValidation\cs162_utilities.hpp">
      <Filter>Header Files</Filter>
    </ClInclude>
    <ClInclude Include="Barbarian.hpp">
      <Filter>Header Files</Filter>
    </ClInclude>
    <ClInclude Include="BlueMen.hpp">
      <Filter>Header Files</Filter>
    </ClInclude>
    <ClInclude Include="Combat.hpp">
      <Filter>Header Files</Filter>
    </ClInclude>
    <ClInclude Include="Creature.hpp">
      <Filter>Header Files</Filter>
    </ClInclude>
    <ClInclude Include="Die.hpp">
      <Filter>Header Files</Filter>
    </ClInclude>
    <ClInclude Include="HarryPotter.hpp">
      <Filter>Header Files</Filter>
    </ClInclude>
    <ClInclude Include="Medusa.hpp">
      <Filter>Header Files</Filter>
    </ClInclude>
    <ClInclude Include="Vampire.hpp">
      <Filter>Header Files</Filter>
    </ClInclude>
    <ClInclude Include="Hero.hpp">
      <Filter>Header Files</Filter>
    </ClInclude>
    <ClInclude Include="Map.hpp">
      <Filter>Header Files</Filter>
    </ClInclude>
    <ClInclude Include="Game.hpp">
      <Filter>Header Files</Filter>
    </ClInclude>
    <ClInclude Include="Space.hpp">
      <Filter>Header Files</Filter>
    </ClInclude>
    <ClInclude Include="Village.hpp">
      <Filter>Header Files</Filter>
    </ClInclude>
    <ClInclude Include="Plains.hpp">
      <Filter>Header Files</Filter>
    </ClInclude>
    <ClInclude Include="Forest.hpp">
      <Filter>Header Files</Filter>
    </ClInclude>
    <ClInclude Include="Hills.hpp">
      <Filter>Header Files</Filter>
    </ClInclude>
    <ClInclude Include="defConst.hpp">
      <Filter>Header Files</Filter>
    </ClInclude>
    <ClInclude Include="Item.hpp">
      <Filter>Header Files</Filter>
    </ClInclude>
    <ClInclude Include="Stone.hpp">
      <Filter>Header Files</Filter>
    </ClInclude>
    <ClInclude Include="Wood.hpp">
      <Filter>Header Files</Filter>
    </ClInclude>
    <ClInclude Include="Ore.hpp">
      <Filter>Header Files</Filter>
    </ClInclude>
    <ClInclude Include="Bag.hpp">
      <Filter>Header Files</Filter>
    </ClInclude>
    <ClInclude Include="asciiArt.hpp">
      <Filter>Header Files</Filter>
    </ClInclude>
    <ClInclude Include="Resource.hpp">
      <Filter>Header Files</Filter>
    </ClInclude>
    <ClInclude Include="Consumable.hpp">
      <Filter>Header Files</Filter>
    </ClInclude>
    <ClInclude Include="AttPotion.hpp">
      <Filter>Header Files</Filter>
    </ClInclude>
    <ClInclude Include="DefPotion.hpp">
      <Filter>Header Files</Filter>
    </ClInclude>
    <ClInclude Include="StrPotion.hpp">
      <Filter>Header Files</Filter>
    </ClInclude>
  </ItemGroup>
</Project>